// !$*UTF8*$!
{
	archiveVersion = 1;
	classes = {
	};
	objectVersion = 46;
	objects = {

/* Begin PBXBuildFile section */
		95D1ECB71B608CEA00D9CF39 /* main.m in Sources */ = {isa = PBXBuildFile; fileRef = 95D1ECB61B608CEA00D9CF39 /* main.m */; };
		95D1ECBA1B608CEA00D9CF39 /* AppDelegate.m in Sources */ = {isa = PBXBuildFile; fileRef = 95D1ECB91B608CEA00D9CF39 /* AppDelegate.m */; };
		95D1ECBD1B608CEA00D9CF39 /* ViewController.m in Sources */ = {isa = PBXBuildFile; fileRef = 95D1ECBC1B608CEA00D9CF39 /* ViewController.m */; };
		95D1ECC01B608CEA00D9CF39 /* Main.storyboard in Resources */ = {isa = PBXBuildFile; fileRef = 95D1ECBE1B608CEA00D9CF39 /* Main.storyboard */; };
		95D1ECC21B608CEA00D9CF39 /* Images.xcassets in Resources */ = {isa = PBXBuildFile; fileRef = 95D1ECC11B608CEA00D9CF39 /* Images.xcassets */; };
		95D1ECC51B608CEA00D9CF39 /* LaunchScreen.xib in Resources */ = {isa = PBXBuildFile; fileRef = 95D1ECC31B608CEA00D9CF39 /* LaunchScreen.xib */; };
		95D1ECD11B608CEA00D9CF39 /* AppStudioProjectTests.m in Sources */ = {isa = PBXBuildFile; fileRef = 95D1ECD01B608CEA00D9CF39 /* AppStudioProjectTests.m */; };
/* End PBXBuildFile section */

/* Begin PBXContainerItemProxy section */
		95D1ECCB1B608CEA00D9CF39 /* PBXContainerItemProxy */ = {
			isa = PBXContainerItemProxy;
			containerPortal = 95D1ECA91B608CEA00D9CF39 /* Project object */;
			proxyType = 1;
			remoteGlobalIDString = 95D1ECB01B608CEA00D9CF39;
			remoteInfo = AppStudioProject;
		};
/* End PBXContainerItemProxy section */

/* Begin PBXFileReference section */
		95D1ECB11B608CEA00D9CF39 /* AppStudioProject.app */ = {isa = PBXFileReference; explicitFileType = wrapper.application; includeInIndex = 0; path = AppStudioProject.app; sourceTree = BUILT_PRODUCTS_DIR; };
		95D1ECB51B608CEA00D9CF39 /* Info.plist */ = {isa = PBXFileReference; lastKnownFileType = text.plist.xml; path = Info.plist; sourceTree = "<group>"; };
		95D1ECB61B608CEA00D9CF39 /* main.m */ = {isa = PBXFileReference; lastKnownFileType = sourcecode.c.objc; path = main.m; sourceTree = "<group>"; };
		95D1ECB81B608CEA00D9CF39 /* AppDelegate.h */ = {isa = PBXFileReference; lastKnownFileType = sourcecode.c.h; path = AppDelegate.h; sourceTree = "<group>"; };
		95D1ECB91B608CEA00D9CF39 /* AppDelegate.m */ = {isa = PBXFileReference; lastKnownFileType = sourcecode.c.objc; path = AppDelegate.m; sourceTree = "<group>"; };
		95D1ECBB1B608CEA00D9CF39 /* ViewController.h */ = {isa = PBXFileReference; lastKnownFileType = sourcecode.c.h; path = ViewController.h; sourceTree = "<group>"; };
		95D1ECBC1B608CEA00D9CF39 /* ViewController.m */ = {isa = PBXFileReference; lastKnownFileType = sourcecode.c.objc; path = ViewController.m; sourceTree = "<group>"; };
		95D1ECBF1B608CEA00D9CF39 /* Base */ = {isa = PBXFileReference; lastKnownFileType = file.storyboard; name = Base; path = Base.lproj/Main.storyboard; sourceTree = "<group>"; };
		95D1ECC11B608CEA00D9CF39 /* Images.xcassets */ = {isa = PBXFileReference; lastKnownFileType = folder.assetcatalog; path = Images.xcassets; sourceTree = "<group>"; };
		95D1ECC41B608CEA00D9CF39 /* Base */ = {isa = PBXFileReference; lastKnownFileType = file.xib; name = Base; path = Base.lproj/LaunchScreen.xib; sourceTree = "<group>"; };
		95D1ECCA1B608CEA00D9CF39 /* AppStudioProjectTests.xctest */ = {isa = PBXFileReference; explicitFileType = wrapper.cfbundle; includeInIndex = 0; path = AppStudioProjectTests.xctest; sourceTree = BUILT_PRODUCTS_DIR; };
		95D1ECCF1B608CEA00D9CF39 /* Info.plist */ = {isa = PBXFileReference; lastKnownFileType = text.plist.xml; path = Info.plist; sourceTree = "<group>"; };
		95D1ECD01B608CEA00D9CF39 /* AppStudioProjectTests.m */ = {isa = PBXFileReference; lastKnownFileType = sourcecode.c.objc; path = AppStudioProjectTests.m; sourceTree = "<group>"; };
/* End PBXFileReference section */

/* Begin PBXFrameworksBuildPhase section */
		95D1ECAE1B608CEA00D9CF39 /* Frameworks */ = {
			isa = PBXFrameworksBuildPhase;
			buildActionMask = 2147483647;
			files = (
			);
			runOnlyForDeploymentPostprocessing = 0;
		};
		95D1ECC71B608CEA00D9CF39 /* Frameworks */ = {
			isa = PBXFrameworksBuildPhase;
			buildActionMask = 2147483647;
			files = (
			);
			runOnlyForDeploymentPostprocessing = 0;
		};
/* End PBXFrameworksBuildPhase section */

/* Begin PBXGroup section */
		95D1ECA81B608CEA00D9CF39 = {
			isa = PBXGroup;
			children = (
				95D1ECB31B608CEA00D9CF39 /* AppStudioProject */,
				95D1ECCD1B608CEA00D9CF39 /* AppStudioProjectTests */,
				95D1ECB21B608CEA00D9CF39 /* Products */,
			);
			sourceTree = "<group>";
		};
		95D1ECB21B608CEA00D9CF39 /* Products */ = {
			isa = PBXGroup;
			children = (
				95D1ECB11B608CEA00D9CF39 /* AppStudioProject.app */,
				95D1ECCA1B608CEA00D9CF39 /* AppStudioProjectTests.xctest */,
			);
			name = Products;
			sourceTree = "<group>";
		};
		95D1ECB31B608CEA00D9CF39 /* AppStudioProject */ = {
			isa = PBXGroup;
			children = (
				95D1ECB81B608CEA00D9CF39 /* AppDelegate.h */,
				95D1ECB91B608CEA00D9CF39 /* AppDelegate.m */,
				95D1ECBB1B608CEA00D9CF39 /* ViewController.h */,
				95D1ECBC1B608CEA00D9CF39 /* ViewController.m */,
				95D1ECBE1B608CEA00D9CF39 /* Main.storyboard */,
				95D1ECC11B608CEA00D9CF39 /* Images.xcassets */,
				95D1ECC31B608CEA00D9CF39 /* LaunchScreen.xib */,
				95D1ECB41B608CEA00D9CF39 /* Supporting Files */,
			);
			path = AppStudioProject;
			sourceTree = "<group>";
		};
		95D1ECB41B608CEA00D9CF39 /* Supporting Files */ = {
			isa = PBXGroup;
			children = (
				95D1ECB51B608CEA00D9CF39 /* Info.plist */,
				95D1ECB61B608CEA00D9CF39 /* main.m */,
			);
			name = "Supporting Files";
			sourceTree = "<group>";
		};
		95D1ECCD1B608CEA00D9CF39 /* AppStudioProjectTests */ = {
			isa = PBXGroup;
			children = (
				95D1ECD01B608CEA00D9CF39 /* AppStudioProjectTests.m */,
				95D1ECCE1B608CEA00D9CF39 /* Supporting Files */,
			);
			path = AppStudioProjectTests;
			sourceTree = "<group>";
		};
		95D1ECCE1B608CEA00D9CF39 /* Supporting Files */ = {
			isa = PBXGroup;
			children = (
				95D1ECCF1B608CEA00D9CF39 /* Info.plist */,
			);
			name = "Supporting Files";
			sourceTree = "<group>";
		};
/* End PBXGroup section */

/* Begin PBXNativeTarget section */
		95D1ECB01B608CEA00D9CF39 /* AppStudioProject */ = {
			isa = PBXNativeTarget;
			buildConfigurationList = 95D1ECD41B608CEA00D9CF39 /* Build configuration list for PBXNativeTarget "AppStudioProject" */;
			buildPhases = (
				95D1ECAD1B608CEA00D9CF39 /* Sources */,
				95D1ECAE1B608CEA00D9CF39 /* Frameworks */,
				95D1ECAF1B608CEA00D9CF39 /* Resources */,
			);
			buildRules = (
			);
			dependencies = (
			);
			name = AppStudioProject;
			productName = AppStudioProject;
			productReference = 95D1ECB11B608CEA00D9CF39 /* AppStudioProject.app */;
			productType = "com.apple.product-type.application";
		};
		95D1ECC91B608CEA00D9CF39 /* AppStudioProjectTests */ = {
			isa = PBXNativeTarget;
			buildConfigurationList = 95D1ECD71B608CEA00D9CF39 /* Build configuration list for PBXNativeTarget "AppStudioProjectTests" */;
			buildPhases = (
				95D1ECC61B608CEA00D9CF39 /* Sources */,
				95D1ECC71B608CEA00D9CF39 /* Frameworks */,
				95D1ECC81B608CEA00D9CF39 /* Resources */,
			);
			buildRules = (
			);
			dependencies = (
				95D1ECCC1B608CEA00D9CF39 /* PBXTargetDependency */,
			);
			name = AppStudioProjectTests;
			productName = AppStudioProjectTests;
			productReference = 95D1ECCA1B608CEA00D9CF39 /* AppStudioProjectTests.xctest */;
			productType = "com.apple.product-type.bundle.unit-test";
		};
/* End PBXNativeTarget section */

/* Begin PBXProject section */
		95D1ECA91B608CEA00D9CF39 /* Project object */ = {
			isa = PBXProject;
			attributes = {
				LastUpgradeCheck = 0630;
				ORGANIZATIONNAME = "Anna  Brewer";
				TargetAttributes = {
					95D1ECB01B608CEA00D9CF39 = {
						CreatedOnToolsVersion = 6.3.2;
					};
					95D1ECC91B608CEA00D9CF39 = {
						CreatedOnToolsVersion = 6.3.2;
						TestTargetID = 95D1ECB01B608CEA00D9CF39;
					};
				};
			};
			buildConfigurationList = 95D1ECAC1B608CEA00D9CF39 /* Build configuration list for PBXProject "AppStudioProject" */;
			compatibilityVersion = "Xcode 3.2";
			developmentRegion = English;
			hasScannedForEncodings = 0;
			knownRegions = (
				en,
				Base,
			);
			mainGroup = 95D1ECA81B608CEA00D9CF39;
			productRefGroup = 95D1ECB21B608CEA00D9CF39 /* Products */;
			projectDirPath = "";
			projectRoot = "";
			targets = (
				95D1ECB01B608CEA00D9CF39 /* AppStudioProject */,
				95D1ECC91B608CEA00D9CF39 /* AppStudioProjectTests */,
			);
		};
/* End PBXProject section */

/* Begin PBXResourcesBuildPhase section */
		95D1ECAF1B608CEA00D9CF39 /* Resources */ = {
			isa = PBXResourcesBuildPhase;
			buildActionMask = 2147483647;
			files = (
				95D1ECC01B608CEA00D9CF39 /* Main.storyboard in Resources */,
				95D1ECC51B608CEA00D9CF39 /* LaunchScreen.xib in Resources */,
				95D1ECC21B608CEA00D9CF39 /* Images.xcassets in Resources */,
			);
			runOnlyForDeploymentPostprocessing = 0;
		};
		95D1ECC81B608CEA00D9CF39 /* Resources */ = {
			isa = PBXResourcesBuildPhase;
			buildActionMask = 2147483647;
			files = (
			);
			runOnlyForDeploymentPostprocessing = 0;
		};
/* End PBXResourcesBuildPhase section */

/* Begin PBXSourcesBuildPhase section */
		95D1ECAD1B608CEA00D9CF39 /* Sources */ = {
			isa = PBXSourcesBuildPhase;
			buildActionMask = 2147483647;
			files = (
				95D1ECBD1B608CEA00D9CF39 /* ViewController.m in Sources */,
				95D1ECBA1B608CEA00D9CF39 /* AppDelegate.m in Sources */,
				95D1ECB71B608CEA00D9CF39 /* main.m in Sources */,
			);
			runOnlyForDeploymentPostprocessing = 0;
		};
		95D1ECC61B608CEA00D9CF39 /* Sources */ = {
			isa = PBXSourcesBuildPhase;
			buildActionMask = 2147483647;
			files = (
				95D1ECD11B608CEA00D9CF39 /* AppStudioProjectTests.m in Sources */,
			);
			runOnlyForDeploymentPostprocessing = 0;
		};
/* End PBXSourcesBuildPhase section */

/* Begin PBXTargetDependency section */
		95D1ECCC1B608CEA00D9CF39 /* PBXTargetDependency */ = {
			isa = PBXTargetDependency;
			target = 95D1ECB01B608CEA00D9CF39 /* AppStudioProject */;
			targetProxy = 95D1ECCB1B608CEA00D9CF39 /* PBXContainerItemProxy */;
		};
/* End PBXTargetDependency section */

/* Begin PBXVariantGroup section */
		95D1ECBE1B608CEA00D9CF39 /* Main.storyboard */ = {
			isa = PBXVariantGroup;
			children = (
				95D1ECBF1B608CEA00D9CF39 /* Base */,
			);
			name = Main.storyboard;
			sourceTree = "<group>";
		};
		95D1ECC31B608CEA00D9CF39 /* LaunchScreen.xib */ = {
			isa = PBXVariantGroup;
			children = (
				95D1ECC41B608CEA00D9CF39 /* Base */,
			);
			name = LaunchScreen.xib;
			sourceTree = "<group>";
		};
/* End PBXVariantGroup section */

/* Begin XCBuildConfiguration section */
		95D1ECD21B608CEA00D9CF39 /* Debug */ = {
			isa = XCBuildConfiguration;
			buildSettings = {
				ALWAYS_SEARCH_USER_PATHS = NO;
				CLANG_CXX_LANGUAGE_STANDARD = "gnu++0x";
				CLANG_CXX_LIBRARY = "libc++";
				CLANG_ENABLE_MODULES = YES;
				CLANG_ENABLE_OBJC_ARC = YES;
				CLANG_WARN_BOOL_CONVERSION = YES;
				CLANG_WARN_CONSTANT_CONVERSION = YES;
				CLANG_WARN_DIRECT_OBJC_ISA_USAGE = YES_ERROR;
				CLANG_WARN_EMPTY_BODY = YES;
				CLANG_WARN_ENUM_CONVERSION = YES;
				CLANG_WARN_INT_CONVERSION = YES;
				CLANG_WARN_OBJC_ROOT_CLASS = YES_ERROR;
				CLANG_WARN_UNREACHABLE_CODE = YES;
				CLANG_WARN__DUPLICATE_METHOD_MATCH = YES;
				"CODE_SIGN_IDENTITY[sdk=iphoneos*]" = "iPhone Developer";
				COPY_PHASE_STRIP = NO;
				DEBUG_INFORMATION_FORMAT = "dwarf-with-dsym";
				ENABLE_STRICT_OBJC_MSGSEND = YES;
				GCC_C_LANGUAGE_STANDARD = gnu99;
				GCC_DYNAMIC_NO_PIC = NO;
				GCC_NO_COMMON_BLOCKS = YES;
				GCC_OPTIMIZATION_LEVEL = 0;
				GCC_PREPROCESSOR_DEFINITIONS = (
					"DEBUG=1",
					"$(inherited)",
				);
				GCC_SYMBOLS_PRIVATE_EXTERN = NO;
				GCC_WARN_64_TO_32_BIT_CONVERSION = YES;
				GCC_WARN_ABOUT_RETURN_TYPE = YES_ERROR;
				GCC_WARN_UNDECLARED_SELECTOR = YES;
				GCC_WARN_UNINITIALIZED_AUTOS = YES_AGGRESSIVE;
				GCC_WARN_UNUSED_FUNCTION = YES;
				GCC_WARN_UNUSED_VARIABLE = YES;
				IPHONEOS_DEPLOYMENT_TARGET = 8.3;
				MTL_ENABLE_DEBUG_INFO = YES;
				ONLY_ACTIVE_ARCH = YES;
				SDKROOT = iphoneos;
			};
			name = Debug;
		};
		95D1ECD31B608CEA00D9CF39 /* Release */ = {
			isa = XCBuildConfiguration;
			buildSettings = {
				ALWAYS_SEARCH_USER_PATHS = NO;
				CLANG_CXX_LANGUAGE_STANDARD = "gnu++0x";
				CLANG_CXX_LIBRARY = "libc++";
				CLANG_ENABLE_MODULES = YES;
				CLANG_ENABLE_OBJC_ARC = YES;
				CLANG_WARN_BOOL_CONVERSION = YES;
				CLANG_WARN_CONSTANT_CONVERSION = YES;
				CLANG_WARN_DIRECT_OBJC_ISA_USAGE = YES_ERROR;
				CLANG_WARN_EMPTY_BODY = YES;
				CLANG_WARN_ENUM_CONVERSION = YES;
				CLANG_WARN_INT_CONVERSION = YES;
				CLANG_WARN_OBJC_ROOT_CLASS = YES_ERROR;
				CLANG_WARN_UNREACHABLE_CODE = YES;
				CLANG_WARN__DUPLICATE_METHOD_MATCH = YES;
				"CODE_SIGN_IDENTITY[sdk=iphoneos*]" = "iPhone Developer";
				COPY_PHASE_STRIP = NO;
				DEBUG_INFORMATION_FORMAT = "dwarf-with-dsym";
				ENABLE_NS_ASSERTIONS = NO;
				ENABLE_STRICT_OBJC_MSGSEND = YES;
				GCC_C_LANGUAGE_STANDARD = gnu99;
				GCC_NO_COMMON_BLOCKS = YES;
				GCC_WARN_64_TO_32_BIT_CONVERSION = YES;
				GCC_WARN_ABOUT_RETURN_TYPE = YES_ERROR;
				GCC_WARN_UNDECLARED_SELECTOR = YES;
				GCC_WARN_UNINITIALIZED_AUTOS = YES_AGGRESSIVE;
				GCC_WARN_UNUSED_FUNCTION = YES;
				GCC_WARN_UNUSED_VARIABLE = YES;
				IPHONEOS_DEPLOYMENT_TARGET = 8.3;
				MTL_ENABLE_DEBUG_INFO = NO;
				SDKROOT = iphoneos;
				VALIDATE_PRODUCT = YES;
			};
			name = Release;
		};
		95D1ECD51B608CEA00D9CF39 /* Debug */ = {
			isa = XCBuildConfiguration;
			buildSettings = {
				ASSETCATALOG_COMPILER_APPICON_NAME = AppIcon;
				INFOPLIST_FILE = AppStudioProject/Info.plist;
				LD_RUNPATH_SEARCH_PATHS = "$(inherited) @executable_path/Frameworks";
				PRODUCT_NAME = "$(TARGET_NAME)";
			};
			name = Debug;
		};
		95D1ECD61B608CEA00D9CF39 /* Release */ = {
			isa = XCBuildConfiguration;
			buildSettings = {
				ASSETCATALOG_COMPILER_APPICON_NAME = AppIcon;
				INFOPLIST_FILE = AppStudioProject/Info.plist;
				LD_RUNPATH_SEARCH_PATHS = "$(inherited) @executable_path/Frameworks";
				PRODUCT_NAME = "$(TARGET_NAME)";
			};
			name = Release;
		};
		95D1ECD81B608CEA00D9CF39 /* Debug */ = {
			isa = XCBuildConfiguration;
			buildSettings = {
				BUNDLE_LOADER = "$(TEST_HOST)";
				FRAMEWORK_SEARCH_PATHS = (
					"$(SDKROOT)/Developer/Library/Frameworks",
					"$(inherited)",
				);
				GCC_PREPROCESSOR_DEFINITIONS = (
					"DEBUG=1",
					"$(inherited)",
				);
				INFOPLIST_FILE = AppStudioProjectTests/Info.plist;
				LD_RUNPATH_SEARCH_PATHS = "$(inherited) @executable_path/Frameworks @loader_path/Frameworks";
				PRODUCT_NAME = "$(TARGET_NAME)";
				TEST_HOST = "$(BUILT_PRODUCTS_DIR)/AppStudioProject.app/AppStudioProject";
			};
			name = Debug;
		};
		95D1ECD91B608CEA00D9CF39 /* Release */ = {
			isa = XCBuildConfiguration;
			buildSettings = {
				BUNDLE_LOADER = "$(TEST_HOST)";
				FRAMEWORK_SEARCH_PATHS = (
					"$(SDKROOT)/Developer/Library/Frameworks",
					"$(inherited)",
				);
				INFOPLIST_FILE = AppStudioProjectTests/Info.plist;
				LD_RUNPATH_SEARCH_PATHS = "$(inherited) @executable_path/Frameworks @loader_path/Frameworks";
				PRODUCT_NAME = "$(TARGET_NAME)";
				TEST_HOST = "$(BUILT_PRODUCTS_DIR)/AppStudioProject.app/AppStudioProject";
			};
			name = Release;
		};
/* End XCBuildConfiguration section */

/* Begin XCConfigurationList section */
		95D1ECAC1B608CEA00D9CF39 /* Build configuration list for PBXProject "AppStudioProject" */ = {
			isa = XCConfigurationList;
			buildConfigurations = (
				95D1ECD21B608CEA00D9CF39 /* Debug */,
				95D1ECD31B608CEA00D9CF39 /* Release */,
			);
			defaultConfigurationIsVisible = 0;
			defaultConfigurationName = Release;
		};
		95D1ECD41B608CEA00D9CF39 /* Build configuration list for PBXNativeTarget "AppStudioProject" */ = {
			isa = XCConfigurationList;
			buildConfigurations = (
				95D1ECD51B608CEA00D9CF39 /* Debug */,
				95D1ECD61B608CEA00D9CF39 /* Release */,
			);
			defaultConfigurationIsVisible = 0;
		};
		95D1ECD71B608CEA00D9CF39 /* Build configuration list for PBXNativeTarget "AppStudioProjectTests" */ = {
			isa = XCConfigurationList;
			buildConfigurations = (
				95D1ECD81B608CEA00D9CF39 /* Debug */,
				95D1ECD91B608CEA00D9CF39 /* Release */,
			);
			defaultConfigurationIsVisible = 0;
		};
/* End XCConfigurationList section */
	};
	rootObject = 95D1ECA91B608CEA00D9CF39 /* Project object */;
}
